
Microsoft Visual Studio Solution File, Format Version 12.00
# Visual Studio Version 16
VisualStudioVersion = 16.0.29905.134
MinimumVisualStudioVersion = 10.0.40219.1
Project("{FAE04EC0-301F-11D3-BF4B-00C04F79EFBC}") = "UpdateMe", "UpdateMe\UpdateMe.csproj", "{712C1AA5-E281-47D2-A518-660B33559FB1}"
EndProject
Project("{FAE04EC0-301F-11D3-BF4B-00C04F79EFBC}") = "Test", "Test\Test.csproj", "{5ECAFD25-C385-476F-99DA-A359BDAB4717}"
EndProject
Project("{FAE04EC0-301F-11D3-BF4B-00C04F79EFBC}") = "UpdateMeGuardian", "UpdateMeGuardian\UpdateMeGuardian.csproj", "{D0AE0E0E-9674-45E1-BE02-CB95FC48901A}"
EndProject
Global
	GlobalSection(SolutionConfigurationPlatforms) = preSolution
		Debug|Any CPU = Debug|Any CPU
		Release|Any CPU = Release|Any CPU
	EndGlobalSection
	GlobalSection(ProjectConfigurationPlatforms) = postSolution
		{712C1AA5-E281-47D2-A518-660B33559FB1}.Debug|Any CPU.ActiveCfg = Debug|Any CPU
		{712C1AA5-E281-47D2-A518-660B33559FB1}.Debug|Any CPU.Build.0 = Debug|Any CPU
		{712C1AA5-E281-47D2-A518-660B33559FB1}.Release|Any CPU.ActiveCfg = Release|Any CPU
		{712C1AA5-E281-47D2-A518-660B33559FB1}.Release|Any CPU.Build.0 = Release|Any CPU
		{5ECAFD25-C385-476F-99DA-A359BDAB4717}.Debug|Any CPU.ActiveCfg = Debug|Any CPU
		{5ECAFD25-C385-476F-99DA-A359BDAB4717}.Debug|Any CPU.Build.0 = Debug|Any CPU
		{5ECAFD25-C385-476F-99DA-A359BDAB4717}.Release|Any CPU.ActiveCfg = Release|Any CPU
		{5ECAFD25-C385-476F-99DA-A359BDAB4717}.Release|Any CPU.Build.0 = Release|Any CPU
		{D0AE0E0E-9674-45E1-BE02-CB95FC48901A}.Debug|Any CPU.ActiveCfg = Debug|Any CPU
		{D0AE0E0E-9674-45E1-BE02-CB95FC48901A}.Debug|Any CPU.Build.0 = Debug|Any CPU
		{D0AE0E0E-9674-45E1-BE02-CB95FC48901A}.Release|Any CPU.ActiveCfg = Release|Any CPU
		{D0AE0E0E-9674-45E1-BE02-CB95FC48901A}.Release|Any CPU.Build.0 = Release|Any CPU
	EndGlobalSection
	GlobalSection(SolutionProperties) = preSolution
		HideSolutionNode = FALSE
	EndGlobalSection
	GlobalSection(ExtensibilityGlobals) = postSolution
		SolutionGuid = {0B49E2F8-203A-47EA-9E50-2202F40BDA7B}
	EndGlobalSection
EndGlobal
